// !$*UTF8*$!
{
	archiveVersion = 1;
	classes = {
	};
	objectVersion = 46;
	objects = {

/* Begin PBXBuildFile section */
		D395CF6715B1427400FDF0E6 /* UIKit.framework in Frameworks */ = {isa = PBXBuildFile; fileRef = D395CF6615B1427400FDF0E6 /* UIKit.framework */; };
		D395CF6915B1427400FDF0E6 /* Foundation.framework in Frameworks */ = {isa = PBXBuildFile; fileRef = D395CF6815B1427400FDF0E6 /* Foundation.framework */; };
		D395CF6B15B1427400FDF0E6 /* CoreGraphics.framework in Frameworks */ = {isa = PBXBuildFile; fileRef = D395CF6A15B1427400FDF0E6 /* CoreGraphics.framework */; };
		D395CF7115B1427400FDF0E6 /* InfoPlist.strings in Resources */ = {isa = PBXBuildFile; fileRef = D395CF6F15B1427400FDF0E6 /* InfoPlist.strings */; };
		D395CF7315B1427400FDF0E6 /* main.m in Sources */ = {isa = PBXBuildFile; fileRef = D395CF7215B1427400FDF0E6 /* main.m */; };
		D395CF7715B1427400FDF0E6 /* AppDelegate.m in Sources */ = {isa = PBXBuildFile; fileRef = D395CF7615B1427400FDF0E6 /* AppDelegate.m */; };
		D395CFB315B147C200FDF0E6 /* NSData+EncryptionHelpers.m in Sources */ = {isa = PBXBuildFile; fileRef = D395CFB015B147C200FDF0E6 /* NSData+EncryptionHelpers.m */; };
		D395CFB515B147C200FDF0E6 /* Rfc2898DeriveBytes.m in Sources */ = {isa = PBXBuildFile; fileRef = D395CFB215B147C200FDF0E6 /* Rfc2898DeriveBytes.m */; };
		D395CFB815B148BA00FDF0E6 /* Security.framework in Frameworks */ = {isa = PBXBuildFile; fileRef = D395CFB715B148BA00FDF0E6 /* Security.framework */; };
		D395CFE615B310CF00FDF0E6 /* CoreData.framework in Frameworks */ = {isa = PBXBuildFile; fileRef = D395CFE515B310CF00FDF0E6 /* CoreData.framework */; };
		D395CFF915B3DC7900FDF0E6 /* Icon@2x.png in Resources */ = {isa = PBXBuildFile; fileRef = D395CFF815B3DC7900FDF0E6 /* Icon@2x.png */; };
		D395CFFB15B3DC7E00FDF0E6 /* Icon.png in Resources */ = {isa = PBXBuildFile; fileRef = D395CFFA15B3DC7E00FDF0E6 /* Icon.png */; };
		D395D00615B3FA0700FDF0E6 /* NSError+Passphrase.m in Sources */ = {isa = PBXBuildFile; fileRef = D395D00515B3FA0600FDF0E6 /* NSError+Passphrase.m */; };
		D5A3995018FCEEB000AA0E15 /* PPWordLookupViewController.m in Sources */ = {isa = PBXBuildFile; fileRef = D5A3994F18FCEEB000AA0E15 /* PPWordLookupViewController.m */; };
		D5A3995118FCEEB000AA0E15 /* PPWordLookupViewController.m in Sources */ = {isa = PBXBuildFile; fileRef = D5A3994F18FCEEB000AA0E15 /* PPWordLookupViewController.m */; };
		D5E9BA1C18FC715E00A28D05 /* NSString+FileSystemHelper.m in Sources */ = {isa = PBXBuildFile; fileRef = D5E9BA1B18FC715E00A28D05 /* NSString+FileSystemHelper.m */; };
		D5E9BA1F18FC776B00A28D05 /* beale_wordlist.c in Sources */ = {isa = PBXBuildFile; fileRef = D5E9BA1D18FC776B00A28D05 /* beale_wordlist.c */; };
		D5E9BA2018FC776B00A28D05 /* diceware_wordlist.c in Sources */ = {isa = PBXBuildFile; fileRef = D5E9BA1E18FC776B00A28D05 /* diceware_wordlist.c */; };
		D5E9BA2518FC79FF00A28D05 /* NSString+Diceware.m in Sources */ = {isa = PBXBuildFile; fileRef = D5E9BA2418FC79FF00A28D05 /* NSString+Diceware.m */; };
		D5E9BA2F18FC80E100A28D05 /* XCTest.framework in Frameworks */ = {isa = PBXBuildFile; fileRef = D5E9BA2E18FC80E100A28D05 /* XCTest.framework */; };
		D5E9BA3018FC80E100A28D05 /* Foundation.framework in Frameworks */ = {isa = PBXBuildFile; fileRef = D395CF6815B1427400FDF0E6 /* Foundation.framework */; };
		D5E9BA3118FC80E100A28D05 /* UIKit.framework in Frameworks */ = {isa = PBXBuildFile; fileRef = D395CF6615B1427400FDF0E6 /* UIKit.framework */; };
		D5E9BA3718FC80E100A28D05 /* InfoPlist.strings in Resources */ = {isa = PBXBuildFile; fileRef = D5E9BA3518FC80E100A28D05 /* InfoPlist.strings */; };
		D5E9BA4118FC815B00A28D05 /* NSString+DicewareTests.m in Sources */ = {isa = PBXBuildFile; fileRef = D5E9BA4018FC815B00A28D05 /* NSString+DicewareTests.m */; };
		D5E9BA4218FC823000A28D05 /* diceware_wordlist.c in Sources */ = {isa = PBXBuildFile; fileRef = D5E9BA1E18FC776B00A28D05 /* diceware_wordlist.c */; };
		D5E9BA4318FC823600A28D05 /* beale_wordlist.c in Sources */ = {isa = PBXBuildFile; fileRef = D5E9BA1D18FC776B00A28D05 /* beale_wordlist.c */; };
		D5E9BA4618FC869400A28D05 /* NSArray+Diceware.m in Sources */ = {isa = PBXBuildFile; fileRef = D5E9BA4518FC869400A28D05 /* NSArray+Diceware.m */; };
		D5E9BA4718FC869400A28D05 /* NSArray+Diceware.m in Sources */ = {isa = PBXBuildFile; fileRef = D5E9BA4518FC869400A28D05 /* NSArray+Diceware.m */; };
		D5E9BA4A18FC877700A28D05 /* diceware-definitions.m in Sources */ = {isa = PBXBuildFile; fileRef = D5E9BA4918FC877700A28D05 /* diceware-definitions.m */; };
		D5E9BA4B18FC877700A28D05 /* diceware-definitions.m in Sources */ = {isa = PBXBuildFile; fileRef = D5E9BA4918FC877700A28D05 /* diceware-definitions.m */; };
		D5E9BA4D18FC89A300A28D05 /* NSArray+DicewareTests.m in Sources */ = {isa = PBXBuildFile; fileRef = D5E9BA4C18FC89A300A28D05 /* NSArray+DicewareTests.m */; };
/* End PBXBuildFile section */

/* Begin PBXContainerItemProxy section */
		D5E9BA3B18FC80E100A28D05 /* PBXContainerItemProxy */ = {
			isa = PBXContainerItemProxy;
			containerPortal = D395CF5915B1427400FDF0E6 /* Project object */;
			proxyType = 1;
			remoteGlobalIDString = D395CF6115B1427400FDF0E6;
			remoteInfo = Passphrase;
		};
/* End PBXContainerItemProxy section */

/* Begin PBXFileReference section */
		D395CF6215B1427400FDF0E6 /* Passphrase.app */ = {isa = PBXFileReference; explicitFileType = wrapper.application; includeInIndex = 0; path = Passphrase.app; sourceTree = BUILT_PRODUCTS_DIR; };
		D395CF6615B1427400FDF0E6 /* UIKit.framework */ = {isa = PBXFileReference; lastKnownFileType = wrapper.framework; name = UIKit.framework; path = System/Library/Frameworks/UIKit.framework; sourceTree = SDKROOT; };
		D395CF6815B1427400FDF0E6 /* Foundation.framework */ = {isa = PBXFileReference; lastKnownFileType = wrapper.framework; name = Foundation.framework; path = System/Library/Frameworks/Foundation.framework; sourceTree = SDKROOT; };
		D395CF6A15B1427400FDF0E6 /* CoreGraphics.framework */ = {isa = PBXFileReference; lastKnownFileType = wrapper.framework; name = CoreGraphics.framework; path = System/Library/Frameworks/CoreGraphics.framework; sourceTree = SDKROOT; };
		D395CF6E15B1427400FDF0E6 /* Passphrase-Info.plist */ = {isa = PBXFileReference; lastKnownFileType = text.plist.xml; path = "Passphrase-Info.plist"; sourceTree = "<group>"; };
		D395CF7015B1427400FDF0E6 /* en */ = {isa = PBXFileReference; lastKnownFileType = text.plist.strings; name = en; path = en.lproj/InfoPlist.strings; sourceTree = "<group>"; };
		D395CF7215B1427400FDF0E6 /* main.m */ = {isa = PBXFileReference; lastKnownFileType = sourcecode.c.objc; path = main.m; sourceTree = "<group>"; };
		D395CF7415B1427400FDF0E6 /* Passphrase-Prefix.pch */ = {isa = PBXFileReference; lastKnownFileType = sourcecode.c.h; path = "Passphrase-Prefix.pch"; sourceTree = "<group>"; };
		D395CF7515B1427400FDF0E6 /* AppDelegate.h */ = {isa = PBXFileReference; lastKnownFileType = sourcecode.c.h; path = AppDelegate.h; sourceTree = "<group>"; };
		D395CF7615B1427400FDF0E6 /* AppDelegate.m */ = {isa = PBXFileReference; lastKnownFileType = sourcecode.c.objc; path = AppDelegate.m; sourceTree = "<group>"; };
		D395CF9215B1427400FDF0E6 /* SenTestingKit.framework */ = {isa = PBXFileReference; lastKnownFileType = wrapper.framework; name = SenTestingKit.framework; path = Library/Frameworks/SenTestingKit.framework; sourceTree = DEVELOPER_DIR; };
		D395CFAF15B147C200FDF0E6 /* NSData+EncryptionHelpers.h */ = {isa = PBXFileReference; fileEncoding = 4; lastKnownFileType = sourcecode.c.h; path = "NSData+EncryptionHelpers.h"; sourceTree = "<group>"; };
		D395CFB015B147C200FDF0E6 /* NSData+EncryptionHelpers.m */ = {isa = PBXFileReference; fileEncoding = 4; lastKnownFileType = sourcecode.c.objc; path = "NSData+EncryptionHelpers.m"; sourceTree = "<group>"; };
		D395CFB115B147C200FDF0E6 /* Rfc2898DeriveBytes.h */ = {isa = PBXFileReference; fileEncoding = 4; lastKnownFileType = sourcecode.c.h; path = Rfc2898DeriveBytes.h; sourceTree = "<group>"; };
		D395CFB215B147C200FDF0E6 /* Rfc2898DeriveBytes.m */ = {isa = PBXFileReference; fileEncoding = 4; lastKnownFileType = sourcecode.c.objc; path = Rfc2898DeriveBytes.m; sourceTree = "<group>"; };
		D395CFB715B148BA00FDF0E6 /* Security.framework */ = {isa = PBXFileReference; lastKnownFileType = wrapper.framework; name = Security.framework; path = System/Library/Frameworks/Security.framework; sourceTree = SDKROOT; };
		D395CFE515B310CF00FDF0E6 /* CoreData.framework */ = {isa = PBXFileReference; lastKnownFileType = wrapper.framework; name = CoreData.framework; path = System/Library/Frameworks/CoreData.framework; sourceTree = SDKROOT; };
		D395CFF815B3DC7900FDF0E6 /* Icon@2x.png */ = {isa = PBXFileReference; lastKnownFileType = image.png; path = "Icon@2x.png"; sourceTree = "<group>"; };
		D395CFFA15B3DC7E00FDF0E6 /* Icon.png */ = {isa = PBXFileReference; lastKnownFileType = image.png; path = Icon.png; sourceTree = "<group>"; };
		D395D00415B3FA0600FDF0E6 /* NSError+Passphrase.h */ = {isa = PBXFileReference; fileEncoding = 4; lastKnownFileType = sourcecode.c.h; path = "NSError+Passphrase.h"; sourceTree = "<group>"; };
		D395D00515B3FA0600FDF0E6 /* NSError+Passphrase.m */ = {isa = PBXFileReference; fileEncoding = 4; lastKnownFileType = sourcecode.c.objc; path = "NSError+Passphrase.m"; sourceTree = "<group>"; };
		D5A3994E18FCEEB000AA0E15 /* PPWordLookupViewController.h */ = {isa = PBXFileReference; fileEncoding = 4; lastKnownFileType = sourcecode.c.h; path = PPWordLookupViewController.h; sourceTree = "<group>"; };
		D5A3994F18FCEEB000AA0E15 /* PPWordLookupViewController.m */ = {isa = PBXFileReference; fileEncoding = 4; lastKnownFileType = sourcecode.c.objc; path = PPWordLookupViewController.m; sourceTree = "<group>"; };
		D5E9BA1A18FC715E00A28D05 /* NSString+FileSystemHelper.h */ = {isa = PBXFileReference; fileEncoding = 4; lastKnownFileType = sourcecode.c.h; path = "NSString+FileSystemHelper.h"; sourceTree = "<group>"; };
		D5E9BA1B18FC715E00A28D05 /* NSString+FileSystemHelper.m */ = {isa = PBXFileReference; fileEncoding = 4; lastKnownFileType = sourcecode.c.objc; path = "NSString+FileSystemHelper.m"; sourceTree = "<group>"; };
		D5E9BA1D18FC776B00A28D05 /* beale_wordlist.c */ = {isa = PBXFileReference; fileEncoding = 4; lastKnownFileType = sourcecode.c.c; path = beale_wordlist.c; sourceTree = "<group>"; };
		D5E9BA1E18FC776B00A28D05 /* diceware_wordlist.c */ = {isa = PBXFileReference; fileEncoding = 4; lastKnownFileType = sourcecode.c.c; path = diceware_wordlist.c; sourceTree = "<group>"; };
		D5E9BA2118FC795C00A28D05 /* beale_wordlist.h */ = {isa = PBXFileReference; lastKnownFileType = sourcecode.c.h; path = beale_wordlist.h; sourceTree = "<group>"; };
		D5E9BA2218FC799F00A28D05 /* diceware_wordlist.h */ = {isa = PBXFileReference; lastKnownFileType = sourcecode.c.h; path = diceware_wordlist.h; sourceTree = "<group>"; };
		D5E9BA2318FC79FF00A28D05 /* NSString+Diceware.h */ = {isa = PBXFileReference; fileEncoding = 4; lastKnownFileType = sourcecode.c.h; path = "NSString+Diceware.h"; sourceTree = "<group>"; };
		D5E9BA2418FC79FF00A28D05 /* NSString+Diceware.m */ = {isa = PBXFileReference; fileEncoding = 4; lastKnownFileType = sourcecode.c.objc; path = "NSString+Diceware.m"; sourceTree = "<group>"; };
		D5E9BA2D18FC80E100A28D05 /* PassphraseTests.xctest */ = {isa = PBXFileReference; explicitFileType = wrapper.cfbundle; includeInIndex = 0; path = PassphraseTests.xctest; sourceTree = BUILT_PRODUCTS_DIR; };
		D5E9BA2E18FC80E100A28D05 /* XCTest.framework */ = {isa = PBXFileReference; lastKnownFileType = wrapper.framework; name = XCTest.framework; path = Library/Frameworks/XCTest.framework; sourceTree = DEVELOPER_DIR; };
		D5E9BA3418FC80E100A28D05 /* PassphraseTests-Info.plist */ = {isa = PBXFileReference; lastKnownFileType = text.plist.xml; path = "PassphraseTests-Info.plist"; sourceTree = "<group>"; };
		D5E9BA3618FC80E100A28D05 /* en */ = {isa = PBXFileReference; lastKnownFileType = text.plist.strings; name = en; path = en.lproj/InfoPlist.strings; sourceTree = "<group>"; };
		D5E9BA3A18FC80E100A28D05 /* PassphraseTests-Prefix.pch */ = {isa = PBXFileReference; lastKnownFileType = sourcecode.c.h; path = "PassphraseTests-Prefix.pch"; sourceTree = "<group>"; };
		D5E9BA4018FC815B00A28D05 /* NSString+DicewareTests.m */ = {isa = PBXFileReference; fileEncoding = 4; lastKnownFileType = sourcecode.c.objc; path = "NSString+DicewareTests.m"; sourceTree = "<group>"; };
		D5E9BA4418FC869400A28D05 /* NSArray+Diceware.h */ = {isa = PBXFileReference; fileEncoding = 4; lastKnownFileType = sourcecode.c.h; path = "NSArray+Diceware.h"; sourceTree = "<group>"; };
		D5E9BA4518FC869400A28D05 /* NSArray+Diceware.m */ = {isa = PBXFileReference; fileEncoding = 4; lastKnownFileType = sourcecode.c.objc; path = "NSArray+Diceware.m"; sourceTree = "<group>"; };
		D5E9BA4818FC870100A28D05 /* diceware-definitions.h */ = {isa = PBXFileReference; lastKnownFileType = sourcecode.c.h; path = "diceware-definitions.h"; sourceTree = "<group>"; };
		D5E9BA4918FC877700A28D05 /* diceware-definitions.m */ = {isa = PBXFileReference; fileEncoding = 4; lastKnownFileType = sourcecode.c.objc; path = "diceware-definitions.m"; sourceTree = "<group>"; };
		D5E9BA4C18FC89A300A28D05 /* NSArray+DicewareTests.m */ = {isa = PBXFileReference; fileEncoding = 4; lastKnownFileType = sourcecode.c.objc; path = "NSArray+DicewareTests.m"; sourceTree = "<group>"; };
/* End PBXFileReference section */

/* Begin PBXFrameworksBuildPhase section */
		D395CF5F15B1427400FDF0E6 /* Frameworks */ = {
			isa = PBXFrameworksBuildPhase;
			buildActionMask = 2147483647;
			files = (
				D395CFE615B310CF00FDF0E6 /* CoreData.framework in Frameworks */,
				D395CFB815B148BA00FDF0E6 /* Security.framework in Frameworks */,
				D395CF6715B1427400FDF0E6 /* UIKit.framework in Frameworks */,
				D395CF6915B1427400FDF0E6 /* Foundation.framework in Frameworks */,
				D395CF6B15B1427400FDF0E6 /* CoreGraphics.framework in Frameworks */,
			);
			runOnlyForDeploymentPostprocessing = 0;
		};
		D5E9BA2A18FC80E100A28D05 /* Frameworks */ = {
			isa = PBXFrameworksBuildPhase;
			buildActionMask = 2147483647;
			files = (
				D5E9BA2F18FC80E100A28D05 /* XCTest.framework in Frameworks */,
				D5E9BA3118FC80E100A28D05 /* UIKit.framework in Frameworks */,
				D5E9BA3018FC80E100A28D05 /* Foundation.framework in Frameworks */,
			);
			runOnlyForDeploymentPostprocessing = 0;
		};
/* End PBXFrameworksBuildPhase section */

/* Begin PBXGroup section */
		D395CF5715B1427400FDF0E6 = {
			isa = PBXGroup;
			children = (
				D395CFFA15B3DC7E00FDF0E6 /* Icon.png */,
				D395CFF815B3DC7900FDF0E6 /* Icon@2x.png */,
				D395CF6C15B1427400FDF0E6 /* Passphrase */,
				D5E9BA3218FC80E100A28D05 /* PassphraseTests */,
				D395CF6515B1427400FDF0E6 /* Frameworks */,
				D395CF6315B1427400FDF0E6 /* Products */,
			);
			indentWidth = 2;
			sourceTree = "<group>";
			tabWidth = 2;
		};
		D395CF6315B1427400FDF0E6 /* Products */ = {
			isa = PBXGroup;
			children = (
				D395CF6215B1427400FDF0E6 /* Passphrase.app */,
				D5E9BA2D18FC80E100A28D05 /* PassphraseTests.xctest */,
			);
			name = Products;
			sourceTree = "<group>";
		};
		D395CF6515B1427400FDF0E6 /* Frameworks */ = {
			isa = PBXGroup;
			children = (
				D395CFE515B310CF00FDF0E6 /* CoreData.framework */,
				D395CFB715B148BA00FDF0E6 /* Security.framework */,
				D395CF6615B1427400FDF0E6 /* UIKit.framework */,
				D395CF6815B1427400FDF0E6 /* Foundation.framework */,
				D395CF6A15B1427400FDF0E6 /* CoreGraphics.framework */,
				D395CF9215B1427400FDF0E6 /* SenTestingKit.framework */,
				D5E9BA2E18FC80E100A28D05 /* XCTest.framework */,
			);
			name = Frameworks;
			sourceTree = "<group>";
		};
		D395CF6C15B1427400FDF0E6 /* Passphrase */ = {
			isa = PBXGroup;
			children = (
				D5E9BA1D18FC776B00A28D05 /* beale_wordlist.c */,
				D5E9BA2118FC795C00A28D05 /* beale_wordlist.h */,
				D5E9BA4818FC870100A28D05 /* diceware-definitions.h */,
				D5E9BA4918FC877700A28D05 /* diceware-definitions.m */,
				D5E9BA1E18FC776B00A28D05 /* diceware_wordlist.c */,
				D5E9BA2218FC799F00A28D05 /* diceware_wordlist.h */,
				D5E9BA4418FC869400A28D05 /* NSArray+Diceware.h */,
				D5E9BA4518FC869400A28D05 /* NSArray+Diceware.m */,
				D395CFAF15B147C200FDF0E6 /* NSData+EncryptionHelpers.h */,
				D395CFB015B147C200FDF0E6 /* NSData+EncryptionHelpers.m */,
				D395D00415B3FA0600FDF0E6 /* NSError+Passphrase.h */,
				D395D00515B3FA0600FDF0E6 /* NSError+Passphrase.m */,
				D5E9BA2318FC79FF00A28D05 /* NSString+Diceware.h */,
				D5E9BA2418FC79FF00A28D05 /* NSString+Diceware.m */,
				D5E9BA1A18FC715E00A28D05 /* NSString+FileSystemHelper.h */,
				D5E9BA1B18FC715E00A28D05 /* NSString+FileSystemHelper.m */,
				D395CF7515B1427400FDF0E6 /* AppDelegate.h */,
				D395CF7615B1427400FDF0E6 /* AppDelegate.m */,
				D5A3994E18FCEEB000AA0E15 /* PPWordLookupViewController.h */,
				D5A3994F18FCEEB000AA0E15 /* PPWordLookupViewController.m */,
				D395CFB115B147C200FDF0E6 /* Rfc2898DeriveBytes.h */,
				D395CFB215B147C200FDF0E6 /* Rfc2898DeriveBytes.m */,
				D395CF6D15B1427400FDF0E6 /* Supporting Files */,
			);
			path = Passphrase;
			sourceTree = "<group>";
		};
		D395CF6D15B1427400FDF0E6 /* Supporting Files */ = {
			isa = PBXGroup;
			children = (
				D395CF6E15B1427400FDF0E6 /* Passphrase-Info.plist */,
				D395CF6F15B1427400FDF0E6 /* InfoPlist.strings */,
				D395CF7215B1427400FDF0E6 /* main.m */,
				D395CF7415B1427400FDF0E6 /* Passphrase-Prefix.pch */,
			);
			name = "Supporting Files";
			sourceTree = "<group>";
		};
		D5E9BA3218FC80E100A28D05 /* PassphraseTests */ = {
			isa = PBXGroup;
			children = (
				D5E9BA3318FC80E100A28D05 /* Supporting Files */,
				D5E9BA4018FC815B00A28D05 /* NSString+DicewareTests.m */,
				D5E9BA4C18FC89A300A28D05 /* NSArray+DicewareTests.m */,
			);
			path = PassphraseTests;
			sourceTree = "<group>";
		};
		D5E9BA3318FC80E100A28D05 /* Supporting Files */ = {
			isa = PBXGroup;
			children = (
				D5E9BA3418FC80E100A28D05 /* PassphraseTests-Info.plist */,
				D5E9BA3518FC80E100A28D05 /* InfoPlist.strings */,
				D5E9BA3A18FC80E100A28D05 /* PassphraseTests-Prefix.pch */,
			);
			name = "Supporting Files";
			sourceTree = "<group>";
		};
/* End PBXGroup section */

/* Begin PBXNativeTarget section */
		D395CF6115B1427400FDF0E6 /* Passphrase */ = {
			isa = PBXNativeTarget;
			buildConfigurationList = D395CFA315B1427400FDF0E6 /* Build configuration list for PBXNativeTarget "Passphrase" */;
			buildPhases = (
				D395CF5E15B1427400FDF0E6 /* Sources */,
				D395CF5F15B1427400FDF0E6 /* Frameworks */,
				D395CF6015B1427400FDF0E6 /* Resources */,
			);
			buildRules = (
			);
			dependencies = (
			);
			name = Passphrase;
			productName = Passphrase;
			productReference = D395CF6215B1427400FDF0E6 /* Passphrase.app */;
			productType = "com.apple.product-type.application";
		};
		D5E9BA2C18FC80E100A28D05 /* PassphraseTests */ = {
			isa = PBXNativeTarget;
			buildConfigurationList = D5E9BA3D18FC80E100A28D05 /* Build configuration list for PBXNativeTarget "PassphraseTests" */;
			buildPhases = (
				D5E9BA2918FC80E100A28D05 /* Sources */,
				D5E9BA2A18FC80E100A28D05 /* Frameworks */,
				D5E9BA2B18FC80E100A28D05 /* Resources */,
			);
			buildRules = (
			);
			dependencies = (
				D5E9BA3C18FC80E100A28D05 /* PBXTargetDependency */,
			);
			name = PassphraseTests;
			productName = PassphraseTests;
			productReference = D5E9BA2D18FC80E100A28D05 /* PassphraseTests.xctest */;
			productType = "com.apple.product-type.bundle.unit-test";
		};
/* End PBXNativeTarget section */

/* Begin PBXProject section */
		D395CF5915B1427400FDF0E6 /* Project object */ = {
			isa = PBXProject;
			attributes = {
				CLASSPREFIX = PP;
				LastUpgradeCheck = 0500;
				ORGANIZATIONNAME = "Brian's Brain";
				TargetAttributes = {
					D5E9BA2C18FC80E100A28D05 = {
						TestTargetID = D395CF6115B1427400FDF0E6;
					};
				};
			};
			buildConfigurationList = D395CF5C15B1427400FDF0E6 /* Build configuration list for PBXProject "Passphrase" */;
			compatibilityVersion = "Xcode 3.2";
			developmentRegion = English;
			hasScannedForEncodings = 0;
			knownRegions = (
				en,
			);
			mainGroup = D395CF5715B1427400FDF0E6;
			productRefGroup = D395CF6315B1427400FDF0E6 /* Products */;
			projectDirPath = "";
			projectRoot = "";
			targets = (
				D395CF6115B1427400FDF0E6 /* Passphrase */,
				D5E9BA2C18FC80E100A28D05 /* PassphraseTests */,
			);
		};
/* End PBXProject section */

/* Begin PBXResourcesBuildPhase section */
		D395CF6015B1427400FDF0E6 /* Resources */ = {
			isa = PBXResourcesBuildPhase;
			buildActionMask = 2147483647;
			files = (
				D395CF7115B1427400FDF0E6 /* InfoPlist.strings in Resources */,
				D395CFF915B3DC7900FDF0E6 /* Icon@2x.png in Resources */,
				D395CFFB15B3DC7E00FDF0E6 /* Icon.png in Resources */,
			);
			runOnlyForDeploymentPostprocessing = 0;
		};
		D5E9BA2B18FC80E100A28D05 /* Resources */ = {
			isa = PBXResourcesBuildPhase;
			buildActionMask = 2147483647;
			files = (
				D5E9BA3718FC80E100A28D05 /* InfoPlist.strings in Resources */,
			);
			runOnlyForDeploymentPostprocessing = 0;
		};
/* End PBXResourcesBuildPhase section */

/* Begin PBXSourcesBuildPhase section */
		D395CF5E15B1427400FDF0E6 /* Sources */ = {
			isa = PBXSourcesBuildPhase;
			buildActionMask = 2147483647;
			files = (
				D5E9BA2018FC776B00A28D05 /* diceware_wordlist.c in Sources */,
				D5E9BA2518FC79FF00A28D05 /* NSString+Diceware.m in Sources */,
				D395CF7315B1427400FDF0E6 /* main.m in Sources */,
				D5E9BA1C18FC715E00A28D05 /* NSString+FileSystemHelper.m in Sources */,
				D395CF7715B1427400FDF0E6 /* AppDelegate.m in Sources */,
				D395CFB315B147C200FDF0E6 /* NSData+EncryptionHelpers.m in Sources */,
				D395CFB515B147C200FDF0E6 /* Rfc2898DeriveBytes.m in Sources */,
				D5E9BA4A18FC877700A28D05 /* diceware-definitions.m in Sources */,
				D5E9BA4618FC869400A28D05 /* NSArray+Diceware.m in Sources */,
				D395D00615B3FA0700FDF0E6 /* NSError+Passphrase.m in Sources */,
				D5E9BA1F18FC776B00A28D05 /* beale_wordlist.c in Sources */,
				D5A3995018FCEEB000AA0E15 /* PPWordLookupViewController.m in Sources */,
			);
			runOnlyForDeploymentPostprocessing = 0;
		};
		D5E9BA2918FC80E100A28D05 /* Sources */ = {
			isa = PBXSourcesBuildPhase;
			buildActionMask = 2147483647;
			files = (
				D5E9BA4718FC869400A28D05 /* NSArray+Diceware.m in Sources */,
				D5A3995118FCEEB000AA0E15 /* PPWordLookupViewController.m in Sources */,
				D5E9BA4118FC815B00A28D05 /* NSString+DicewareTests.m in Sources */,
				D5E9BA4D18FC89A300A28D05 /* NSArray+DicewareTests.m in Sources */,
				D5E9BA4318FC823600A28D05 /* beale_wordlist.c in Sources */,
				D5E9BA4218FC823000A28D05 /* diceware_wordlist.c in Sources */,
				D5E9BA4B18FC877700A28D05 /* diceware-definitions.m in Sources */,
			);
			runOnlyForDeploymentPostprocessing = 0;
		};
/* End PBXSourcesBuildPhase section */

/* Begin PBXTargetDependency section */
		D5E9BA3C18FC80E100A28D05 /* PBXTargetDependency */ = {
			isa = PBXTargetDependency;
			target = D395CF6115B1427400FDF0E6 /* Passphrase */;
			targetProxy = D5E9BA3B18FC80E100A28D05 /* PBXContainerItemProxy */;
		};
/* End PBXTargetDependency section */

/* Begin PBXVariantGroup section */
		D395CF6F15B1427400FDF0E6 /* InfoPlist.strings */ = {
			isa = PBXVariantGroup;
			children = (
				D395CF7015B1427400FDF0E6 /* en */,
			);
			name = InfoPlist.strings;
			sourceTree = "<group>";
		};
		D5E9BA3518FC80E100A28D05 /* InfoPlist.strings */ = {
			isa = PBXVariantGroup;
			children = (
				D5E9BA3618FC80E100A28D05 /* en */,
			);
			name = InfoPlist.strings;
			sourceTree = "<group>";
		};
/* End PBXVariantGroup section */

/* Begin XCBuildConfiguration section */
		D395CFA115B1427400FDF0E6 /* Debug */ = {
			isa = XCBuildConfiguration;
			buildSettings = {
				ALWAYS_SEARCH_USER_PATHS = NO;
				CLANG_ENABLE_OBJC_ARC = YES;
				CLANG_WARN_BOOL_CONVERSION = YES;
				CLANG_WARN_CONSTANT_CONVERSION = YES;
				CLANG_WARN_EMPTY_BODY = YES;
				CLANG_WARN_ENUM_CONVERSION = YES;
				CLANG_WARN_INT_CONVERSION = YES;
				CLANG_WARN__DUPLICATE_METHOD_MATCH = YES;
				"CODE_SIGN_IDENTITY[sdk=iphoneos*]" = "iPhone Developer";
				COPY_PHASE_STRIP = NO;
				GCC_C_LANGUAGE_STANDARD = gnu99;
				GCC_DYNAMIC_NO_PIC = NO;
				GCC_OPTIMIZATION_LEVEL = 0;
				GCC_PREPROCESSOR_DEFINITIONS = (
					"DEBUG=1",
					"$(inherited)",
				);
				GCC_SYMBOLS_PRIVATE_EXTERN = NO;
				GCC_VERSION = com.apple.compilers.llvm.clang.1_0;
				GCC_WARN_64_TO_32_BIT_CONVERSION = YES;
				GCC_WARN_ABOUT_RETURN_TYPE = YES;
				GCC_WARN_UNDECLARED_SELECTOR = YES;
				GCC_WARN_UNINITIALIZED_AUTOS = YES;
				GCC_WARN_UNUSED_FUNCTION = YES;
				GCC_WARN_UNUSED_VARIABLE = YES;
				IPHONEOS_DEPLOYMENT_TARGET = 5.1;
				ONLY_ACTIVE_ARCH = YES;
				SDKROOT = iphoneos;
				TARGETED_DEVICE_FAMILY = "1,2";
			};
			name = Debug;
		};
		D395CFA215B1427400FDF0E6 /* Release */ = {
			isa = XCBuildConfiguration;
			buildSettings = {
				ALWAYS_SEARCH_USER_PATHS = NO;
				CLANG_ENABLE_OBJC_ARC = YES;
				CLANG_WARN_BOOL_CONVERSION = YES;
				CLANG_WARN_CONSTANT_CONVERSION = YES;
				CLANG_WARN_EMPTY_BODY = YES;
				CLANG_WARN_ENUM_CONVERSION = YES;
				CLANG_WARN_INT_CONVERSION = YES;
				CLANG_WARN__DUPLICATE_METHOD_MATCH = YES;
				"CODE_SIGN_IDENTITY[sdk=iphoneos*]" = "iPhone Developer";
				COPY_PHASE_STRIP = YES;
				GCC_C_LANGUAGE_STANDARD = gnu99;
				GCC_VERSION = com.apple.compilers.llvm.clang.1_0;
				GCC_WARN_64_TO_32_BIT_CONVERSION = YES;
				GCC_WARN_ABOUT_RETURN_TYPE = YES;
				GCC_WARN_UNDECLARED_SELECTOR = YES;
				GCC_WARN_UNINITIALIZED_AUTOS = YES;
				GCC_WARN_UNUSED_FUNCTION = YES;
				GCC_WARN_UNUSED_VARIABLE = YES;
				IPHONEOS_DEPLOYMENT_TARGET = 5.1;
				OTHER_CFLAGS = "-DNS_BLOCK_ASSERTIONS=1";
				SDKROOT = iphoneos;
				TARGETED_DEVICE_FAMILY = "1,2";
				VALIDATE_PRODUCT = YES;
			};
			name = Release;
		};
		D395CFA415B1427400FDF0E6 /* Debug */ = {
			isa = XCBuildConfiguration;
			buildSettings = {
				GCC_PRECOMPILE_PREFIX_HEADER = YES;
				GCC_PREFIX_HEADER = "Passphrase/Passphrase-Prefix.pch";
				INFOPLIST_FILE = "Passphrase/Passphrase-Info.plist";
				PRODUCT_NAME = "$(TARGET_NAME)";
				WRAPPER_EXTENSION = app;
			};
			name = Debug;
		};
		D395CFA515B1427400FDF0E6 /* Release */ = {
			isa = XCBuildConfiguration;
			buildSettings = {
				GCC_PRECOMPILE_PREFIX_HEADER = YES;
				GCC_PREFIX_HEADER = "Passphrase/Passphrase-Prefix.pch";
				INFOPLIST_FILE = "Passphrase/Passphrase-Info.plist";
				PRODUCT_NAME = "$(TARGET_NAME)";
				WRAPPER_EXTENSION = app;
			};
			name = Release;
		};
		D5E9BA3E18FC80E100A28D05 /* Debug */ = {
			isa = XCBuildConfiguration;
			buildSettings = {
				ARCHS = "$(ARCHS_STANDARD_INCLUDING_64_BIT)";
				BUNDLE_LOADER = "$(BUILT_PRODUCTS_DIR)/Passphrase.app/Passphrase";
				CLANG_CXX_LANGUAGE_STANDARD = "gnu++0x";
				CLANG_CXX_LIBRARY = "libc++";
				CLANG_ENABLE_MODULES = YES;
				CLANG_WARN_DIRECT_OBJC_ISA_USAGE = YES_ERROR;
				CLANG_WARN_OBJC_ROOT_CLASS = YES_ERROR;
				FRAMEWORK_SEARCH_PATHS = (
					"$(SDKROOT)/Developer/Library/Frameworks",
					"$(inherited)",
					"$(DEVELOPER_FRAMEWORKS_DIR)",
				);
				GCC_PRECOMPILE_PREFIX_HEADER = YES;
				GCC_PREFIX_HEADER = "PassphraseTests/PassphraseTests-Prefix.pch";
				GCC_PREPROCESSOR_DEFINITIONS = (
					"DEBUG=1",
					"$(inherited)",
				);
				GCC_WARN_ABOUT_RETURN_TYPE = YES_ERROR;
				INFOPLIST_FILE = "PassphraseTests/PassphraseTests-Info.plist";
				IPHONEOS_DEPLOYMENT_TARGET = 7.0;
				PRODUCT_NAME = "$(TARGET_NAME)";
				TEST_HOST = "$(BUNDLE_LOADER)";
				WRAPPER_EXTENSION = xctest;
			};
			name = Debug;
		};
		D5E9BA3F18FC80E100A28D05 /* Release */ = {
			isa = XCBuildConfiguration;
			buildSettings = {
				ARCHS = "$(ARCHS_STANDARD_INCLUDING_64_BIT)";
				BUNDLE_LOADER = "$(BUILT_PRODUCTS_DIR)/Passphrase.app/Passphrase";
				CLANG_CXX_LANGUAGE_STANDARD = "gnu++0x";
				CLANG_CXX_LIBRARY = "libc++";
				CLANG_ENABLE_MODULES = YES;
				CLANG_WARN_DIRECT_OBJC_ISA_USAGE = YES_ERROR;
				CLANG_WARN_OBJC_ROOT_CLASS = YES_ERROR;
				ENABLE_NS_ASSERTIONS = NO;
				FRAMEWORK_SEARCH_PATHS = (
					"$(SDKROOT)/Developer/Library/Frameworks",
					"$(inherited)",
					"$(DEVELOPER_FRAMEWORKS_DIR)",
				);
				GCC_PRECOMPILE_PREFIX_HEADER = YES;
				GCC_PREFIX_HEADER = "PassphraseTests/PassphraseTests-Prefix.pch";
				GCC_WARN_ABOUT_RETURN_TYPE = YES_ERROR;
				INFOPLIST_FILE = "PassphraseTests/PassphraseTests-Info.plist";
				IPHONEOS_DEPLOYMENT_TARGET = 7.0;
				PRODUCT_NAME = "$(TARGET_NAME)";
				TEST_HOST = "$(BUNDLE_LOADER)";
				WRAPPER_EXTENSION = xctest;
			};
			name = Release;
		};
/* End XCBuildConfiguration section */

/* Begin XCConfigurationList section */
		D395CF5C15B1427400FDF0E6 /* Build configuration list for PBXProject "Passphrase" */ = {
			isa = XCConfigurationList;
			buildConfigurations = (
				D395CFA115B1427400FDF0E6 /* Debug */,
				D395CFA215B1427400FDF0E6 /* Release */,
			);
			defaultConfigurationIsVisible = 0;
			defaultConfigurationName = Release;
		};
		D395CFA315B1427400FDF0E6 /* Build configuration list for PBXNativeTarget "Passphrase" */ = {
			isa = XCConfigurationList;
			buildConfigurations = (
				D395CFA415B1427400FDF0E6 /* Debug */,
				D395CFA515B1427400FDF0E6 /* Release */,
			);
			defaultConfigurationIsVisible = 0;
			defaultConfigurationName = Release;
		};
		D5E9BA3D18FC80E100A28D05 /* Build configuration list for PBXNativeTarget "PassphraseTests" */ = {
			isa = XCConfigurationList;
			buildConfigurations = (
				D5E9BA3E18FC80E100A28D05 /* Debug */,
				D5E9BA3F18FC80E100A28D05 /* Release */,
			);
			defaultConfigurationIsVisible = 0;
			defaultConfigurationName = Release;
		};
/* End XCConfigurationList section */
	};
	rootObject = D395CF5915B1427400FDF0E6 /* Project object */;
}
