// !$*UTF8*$!
{
	archiveVersion = 1;
	classes = {
	};
	objectVersion = 46;
	objects = {

/* Begin PBXBuildFile section */
		D395CF6715B1427400FDF0E6 /* UIKit.framework in Frameworks */ = {isa = PBXBuildFile; fileRef = D395CF6615B1427400FDF0E6 /* UIKit.framework */; };
		D395CF6915B1427400FDF0E6 /* Foundation.framework in Frameworks */ = {isa = PBXBuildFile; fileRef = D395CF6815B1427400FDF0E6 /* Foundation.framework */; };
		D395CF6B15B1427400FDF0E6 /* CoreGraphics.framework in Frameworks */ = {isa = PBXBuildFile; fileRef = D395CF6A15B1427400FDF0E6 /* CoreGraphics.framework */; };
		D395CF7115B1427400FDF0E6 /* InfoPlist.strings in Resources */ = {isa = PBXBuildFile; fileRef = D395CF6F15B1427400FDF0E6 /* InfoPlist.strings */; };
		D395CF7315B1427400FDF0E6 /* main.m in Sources */ = {isa = PBXBuildFile; fileRef = D395CF7215B1427400FDF0E6 /* main.m */; };
		D395CF7715B1427400FDF0E6 /* PPAppDelegate.m in Sources */ = {isa = PBXBuildFile; fileRef = D395CF7615B1427400FDF0E6 /* PPAppDelegate.m */; };
		D395CF7A15B1427400FDF0E6 /* MainStoryboard_iPhone.storyboard in Resources */ = {isa = PBXBuildFile; fileRef = D395CF7815B1427400FDF0E6 /* MainStoryboard_iPhone.storyboard */; };
		D395CF7D15B1427400FDF0E6 /* MainStoryboard_iPad.storyboard in Resources */ = {isa = PBXBuildFile; fileRef = D395CF7B15B1427400FDF0E6 /* MainStoryboard_iPad.storyboard */; };
		D395CF8015B1427400FDF0E6 /* PPPassphraseGenerator.m in Sources */ = {isa = PBXBuildFile; fileRef = D395CF7F15B1427400FDF0E6 /* PPPassphraseGenerator.m */; };
		D395CF8215B1427400FDF0E6 /* first.png in Resources */ = {isa = PBXBuildFile; fileRef = D395CF8115B1427400FDF0E6 /* first.png */; };
		D395CF8415B1427400FDF0E6 /* first@2x.png in Resources */ = {isa = PBXBuildFile; fileRef = D395CF8315B1427400FDF0E6 /* first@2x.png */; };
		D395CF8715B1427400FDF0E6 /* PPMasterPassphraseController.m in Sources */ = {isa = PBXBuildFile; fileRef = D395CF8615B1427400FDF0E6 /* PPMasterPassphraseController.m */; };
		D395CF8915B1427400FDF0E6 /* second.png in Resources */ = {isa = PBXBuildFile; fileRef = D395CF8815B1427400FDF0E6 /* second.png */; };
		D395CF8B15B1427400FDF0E6 /* second@2x.png in Resources */ = {isa = PBXBuildFile; fileRef = D395CF8A15B1427400FDF0E6 /* second@2x.png */; };
		D395CF9315B1427400FDF0E6 /* SenTestingKit.framework in Frameworks */ = {isa = PBXBuildFile; fileRef = D395CF9215B1427400FDF0E6 /* SenTestingKit.framework */; };
		D395CF9415B1427400FDF0E6 /* UIKit.framework in Frameworks */ = {isa = PBXBuildFile; fileRef = D395CF6615B1427400FDF0E6 /* UIKit.framework */; };
		D395CF9515B1427400FDF0E6 /* Foundation.framework in Frameworks */ = {isa = PBXBuildFile; fileRef = D395CF6815B1427400FDF0E6 /* Foundation.framework */; };
		D395CF9D15B1427400FDF0E6 /* InfoPlist.strings in Resources */ = {isa = PBXBuildFile; fileRef = D395CF9B15B1427400FDF0E6 /* InfoPlist.strings */; };
		D395CFA015B1427400FDF0E6 /* PassphraseTests.m in Sources */ = {isa = PBXBuildFile; fileRef = D395CF9F15B1427400FDF0E6 /* PassphraseTests.m */; };
		D395CFAA15B146D100FDF0E6 /* diceware8k.c in Sources */ = {isa = PBXBuildFile; fileRef = D395CFA915B146D100FDF0E6 /* diceware8k.c */; };
		D395CFAB15B146D100FDF0E6 /* diceware8k.c in Sources */ = {isa = PBXBuildFile; fileRef = D395CFA915B146D100FDF0E6 /* diceware8k.c */; };
		D395CFB315B147C200FDF0E6 /* NSData+EncryptionHelpers.m in Sources */ = {isa = PBXBuildFile; fileRef = D395CFB015B147C200FDF0E6 /* NSData+EncryptionHelpers.m */; };
		D395CFB415B147C200FDF0E6 /* NSData+EncryptionHelpers.m in Sources */ = {isa = PBXBuildFile; fileRef = D395CFB015B147C200FDF0E6 /* NSData+EncryptionHelpers.m */; };
		D395CFB515B147C200FDF0E6 /* Rfc2898DeriveBytes.m in Sources */ = {isa = PBXBuildFile; fileRef = D395CFB215B147C200FDF0E6 /* Rfc2898DeriveBytes.m */; };
		D395CFB615B147C200FDF0E6 /* Rfc2898DeriveBytes.m in Sources */ = {isa = PBXBuildFile; fileRef = D395CFB215B147C200FDF0E6 /* Rfc2898DeriveBytes.m */; };
		D395CFB815B148BA00FDF0E6 /* Security.framework in Frameworks */ = {isa = PBXBuildFile; fileRef = D395CFB715B148BA00FDF0E6 /* Security.framework */; };
		D395CFB915B148E600FDF0E6 /* Security.framework in Frameworks */ = {isa = PBXBuildFile; fileRef = D395CFB715B148BA00FDF0E6 /* Security.framework */; };
		D395CFC015B1D74400FDF0E6 /* GenerateButton.png in Resources */ = {isa = PBXBuildFile; fileRef = D395CFBE15B1D74400FDF0E6 /* GenerateButton.png */; };
		D395CFC115B1D74400FDF0E6 /* GenerateButton.png in Resources */ = {isa = PBXBuildFile; fileRef = D395CFBE15B1D74400FDF0E6 /* GenerateButton.png */; };
		D395CFC215B1D74400FDF0E6 /* GenerateButton@2x.png in Resources */ = {isa = PBXBuildFile; fileRef = D395CFBF15B1D74400FDF0E6 /* GenerateButton@2x.png */; };
		D395CFC315B1D74400FDF0E6 /* GenerateButton@2x.png in Resources */ = {isa = PBXBuildFile; fileRef = D395CFBF15B1D74400FDF0E6 /* GenerateButton@2x.png */; };
		D395CFC715B1DAFE00FDF0E6 /* SavedPhrases.xcdatamodeld in Sources */ = {isa = PBXBuildFile; fileRef = D395CFC515B1DAFE00FDF0E6 /* SavedPhrases.xcdatamodeld */; };
		D395CFC815B1DAFE00FDF0E6 /* SavedPhrases.xcdatamodeld in Sources */ = {isa = PBXBuildFile; fileRef = D395CFC515B1DAFE00FDF0E6 /* SavedPhrases.xcdatamodeld */; };
		D395CFCB15B1F49E00FDF0E6 /* DoneButton.png in Resources */ = {isa = PBXBuildFile; fileRef = D395CFC915B1F49E00FDF0E6 /* DoneButton.png */; };
		D395CFCC15B1F49E00FDF0E6 /* DoneButton.png in Resources */ = {isa = PBXBuildFile; fileRef = D395CFC915B1F49E00FDF0E6 /* DoneButton.png */; };
		D395CFCD15B1F49E00FDF0E6 /* DoneButton@2x.png in Resources */ = {isa = PBXBuildFile; fileRef = D395CFCA15B1F49E00FDF0E6 /* DoneButton@2x.png */; };
		D395CFCE15B1F49E00FDF0E6 /* DoneButton@2x.png in Resources */ = {isa = PBXBuildFile; fileRef = D395CFCA15B1F49E00FDF0E6 /* DoneButton@2x.png */; };
		D395CFD115B1F5DD00FDF0E6 /* BlackBackground.png in Resources */ = {isa = PBXBuildFile; fileRef = D395CFCF15B1F5DD00FDF0E6 /* BlackBackground.png */; };
		D395CFD215B1F5DD00FDF0E6 /* BlackBackground.png in Resources */ = {isa = PBXBuildFile; fileRef = D395CFCF15B1F5DD00FDF0E6 /* BlackBackground.png */; };
		D395CFD315B1F5DD00FDF0E6 /* BlackBackground@2x.png in Resources */ = {isa = PBXBuildFile; fileRef = D395CFD015B1F5DD00FDF0E6 /* BlackBackground@2x.png */; };
		D395CFD415B1F5DD00FDF0E6 /* BlackBackground@2x.png in Resources */ = {isa = PBXBuildFile; fileRef = D395CFD015B1F5DD00FDF0E6 /* BlackBackground@2x.png */; };
		D395CFD715B1FB5B00FDF0E6 /* PPResource.m in Sources */ = {isa = PBXBuildFile; fileRef = D395CFD615B1FB5B00FDF0E6 /* PPResource.m */; };
		D395CFD815B1FB5B00FDF0E6 /* PPResource.m in Sources */ = {isa = PBXBuildFile; fileRef = D395CFD615B1FB5B00FDF0E6 /* PPResource.m */; };
		D395CFDF15B1FB5C00FDF0E6 /* PPPassphrase.m in Sources */ = {isa = PBXBuildFile; fileRef = D395CFDE15B1FB5C00FDF0E6 /* PPPassphrase.m */; };
		D395CFE015B1FB5C00FDF0E6 /* PPPassphrase.m in Sources */ = {isa = PBXBuildFile; fileRef = D395CFDE15B1FB5C00FDF0E6 /* PPPassphrase.m */; };
		D395CFE315B30FD300FDF0E6 /* PPSavedPassphraseContext.m in Sources */ = {isa = PBXBuildFile; fileRef = D395CFE215B30FD300FDF0E6 /* PPSavedPassphraseContext.m */; };
		D395CFE415B30FD300FDF0E6 /* PPSavedPassphraseContext.m in Sources */ = {isa = PBXBuildFile; fileRef = D395CFE215B30FD300FDF0E6 /* PPSavedPassphraseContext.m */; };
		D395CFE615B310CF00FDF0E6 /* CoreData.framework in Frameworks */ = {isa = PBXBuildFile; fileRef = D395CFE515B310CF00FDF0E6 /* CoreData.framework */; };
		D395CFE715B3113200FDF0E6 /* CoreData.framework in Frameworks */ = {isa = PBXBuildFile; fileRef = D395CFE515B310CF00FDF0E6 /* CoreData.framework */; };
		D395CFEA15B315EA00FDF0E6 /* PPEncryptionMetadata.m in Sources */ = {isa = PBXBuildFile; fileRef = D395CFE915B315EA00FDF0E6 /* PPEncryptionMetadata.m */; };
		D395CFEB15B315EA00FDF0E6 /* PPEncryptionMetadata.m in Sources */ = {isa = PBXBuildFile; fileRef = D395CFE915B315EA00FDF0E6 /* PPEncryptionMetadata.m */; };
		D395CFEE15B319CF00FDF0E6 /* PPEncryptionMetadata+Passphrase.m in Sources */ = {isa = PBXBuildFile; fileRef = D395CFED15B319CF00FDF0E6 /* PPEncryptionMetadata+Passphrase.m */; };
		D395CFEF15B319CF00FDF0E6 /* PPEncryptionMetadata+Passphrase.m in Sources */ = {isa = PBXBuildFile; fileRef = D395CFED15B319CF00FDF0E6 /* PPEncryptionMetadata+Passphrase.m */; };
		D395CFF215B3215B00FDF0E6 /* NSString+FileSystemHelper.m in Sources */ = {isa = PBXBuildFile; fileRef = D395CFF115B3215B00FDF0E6 /* NSString+FileSystemHelper.m */; };
		D395CFF315B3215B00FDF0E6 /* NSString+FileSystemHelper.m in Sources */ = {isa = PBXBuildFile; fileRef = D395CFF115B3215B00FDF0E6 /* NSString+FileSystemHelper.m */; };
		D395CFF615B3288E00FDF0E6 /* PPResourcesViewController.m in Sources */ = {isa = PBXBuildFile; fileRef = D395CFF515B3288E00FDF0E6 /* PPResourcesViewController.m */; };
		D395CFF715B3288E00FDF0E6 /* PPResourcesViewController.m in Sources */ = {isa = PBXBuildFile; fileRef = D395CFF515B3288E00FDF0E6 /* PPResourcesViewController.m */; };
		D395CFF915B3DC7900FDF0E6 /* Icon@2x.png in Resources */ = {isa = PBXBuildFile; fileRef = D395CFF815B3DC7900FDF0E6 /* Icon@2x.png */; };
		D395CFFB15B3DC7E00FDF0E6 /* Icon.png in Resources */ = {isa = PBXBuildFile; fileRef = D395CFFA15B3DC7E00FDF0E6 /* Icon.png */; };
/* End PBXBuildFile section */

/* Begin PBXContainerItemProxy section */
		D395CF9615B1427400FDF0E6 /* PBXContainerItemProxy */ = {
			isa = PBXContainerItemProxy;
			containerPortal = D395CF5915B1427400FDF0E6 /* Project object */;
			proxyType = 1;
			remoteGlobalIDString = D395CF6115B1427400FDF0E6;
			remoteInfo = Passphrase;
		};
/* End PBXContainerItemProxy section */

/* Begin PBXFileReference section */
		D395CF6215B1427400FDF0E6 /* Passphrase.app */ = {isa = PBXFileReference; explicitFileType = wrapper.application; includeInIndex = 0; path = Passphrase.app; sourceTree = BUILT_PRODUCTS_DIR; };
		D395CF6615B1427400FDF0E6 /* UIKit.framework */ = {isa = PBXFileReference; lastKnownFileType = wrapper.framework; name = UIKit.framework; path = System/Library/Frameworks/UIKit.framework; sourceTree = SDKROOT; };
		D395CF6815B1427400FDF0E6 /* Foundation.framework */ = {isa = PBXFileReference; lastKnownFileType = wrapper.framework; name = Foundation.framework; path = System/Library/Frameworks/Foundation.framework; sourceTree = SDKROOT; };
		D395CF6A15B1427400FDF0E6 /* CoreGraphics.framework */ = {isa = PBXFileReference; lastKnownFileType = wrapper.framework; name = CoreGraphics.framework; path = System/Library/Frameworks/CoreGraphics.framework; sourceTree = SDKROOT; };
		D395CF6E15B1427400FDF0E6 /* Passphrase-Info.plist */ = {isa = PBXFileReference; lastKnownFileType = text.plist.xml; path = "Passphrase-Info.plist"; sourceTree = "<group>"; };
		D395CF7015B1427400FDF0E6 /* en */ = {isa = PBXFileReference; lastKnownFileType = text.plist.strings; name = en; path = en.lproj/InfoPlist.strings; sourceTree = "<group>"; };
		D395CF7215B1427400FDF0E6 /* main.m */ = {isa = PBXFileReference; lastKnownFileType = sourcecode.c.objc; path = main.m; sourceTree = "<group>"; };
		D395CF7415B1427400FDF0E6 /* Passphrase-Prefix.pch */ = {isa = PBXFileReference; lastKnownFileType = sourcecode.c.h; path = "Passphrase-Prefix.pch"; sourceTree = "<group>"; };
		D395CF7515B1427400FDF0E6 /* PPAppDelegate.h */ = {isa = PBXFileReference; lastKnownFileType = sourcecode.c.h; path = PPAppDelegate.h; sourceTree = "<group>"; };
		D395CF7615B1427400FDF0E6 /* PPAppDelegate.m */ = {isa = PBXFileReference; lastKnownFileType = sourcecode.c.objc; path = PPAppDelegate.m; sourceTree = "<group>"; };
		D395CF7915B1427400FDF0E6 /* en */ = {isa = PBXFileReference; lastKnownFileType = file.storyboard; name = en; path = en.lproj/MainStoryboard_iPhone.storyboard; sourceTree = "<group>"; };
		D395CF7C15B1427400FDF0E6 /* en */ = {isa = PBXFileReference; lastKnownFileType = file.storyboard; name = en; path = en.lproj/MainStoryboard_iPad.storyboard; sourceTree = "<group>"; };
		D395CF7E15B1427400FDF0E6 /* PPPassphraseGenerator.h */ = {isa = PBXFileReference; lastKnownFileType = sourcecode.c.h; path = PPPassphraseGenerator.h; sourceTree = "<group>"; };
		D395CF7F15B1427400FDF0E6 /* PPPassphraseGenerator.m */ = {isa = PBXFileReference; lastKnownFileType = sourcecode.c.objc; path = PPPassphraseGenerator.m; sourceTree = "<group>"; };
		D395CF8115B1427400FDF0E6 /* first.png */ = {isa = PBXFileReference; lastKnownFileType = image.png; path = first.png; sourceTree = "<group>"; };
		D395CF8315B1427400FDF0E6 /* first@2x.png */ = {isa = PBXFileReference; lastKnownFileType = image.png; path = "first@2x.png"; sourceTree = "<group>"; };
		D395CF8515B1427400FDF0E6 /* PPMasterPassphraseController.h */ = {isa = PBXFileReference; lastKnownFileType = sourcecode.c.h; path = PPMasterPassphraseController.h; sourceTree = "<group>"; };
		D395CF8615B1427400FDF0E6 /* PPMasterPassphraseController.m */ = {isa = PBXFileReference; lastKnownFileType = sourcecode.c.objc; path = PPMasterPassphraseController.m; sourceTree = "<group>"; };
		D395CF8815B1427400FDF0E6 /* second.png */ = {isa = PBXFileReference; lastKnownFileType = image.png; path = second.png; sourceTree = "<group>"; };
		D395CF8A15B1427400FDF0E6 /* second@2x.png */ = {isa = PBXFileReference; lastKnownFileType = image.png; path = "second@2x.png"; sourceTree = "<group>"; };
		D395CF9115B1427400FDF0E6 /* PassphraseTests.octest */ = {isa = PBXFileReference; explicitFileType = wrapper.cfbundle; includeInIndex = 0; path = PassphraseTests.octest; sourceTree = BUILT_PRODUCTS_DIR; };
		D395CF9215B1427400FDF0E6 /* SenTestingKit.framework */ = {isa = PBXFileReference; lastKnownFileType = wrapper.framework; name = SenTestingKit.framework; path = Library/Frameworks/SenTestingKit.framework; sourceTree = DEVELOPER_DIR; };
		D395CF9A15B1427400FDF0E6 /* PassphraseTests-Info.plist */ = {isa = PBXFileReference; lastKnownFileType = text.plist.xml; path = "PassphraseTests-Info.plist"; sourceTree = "<group>"; };
		D395CF9C15B1427400FDF0E6 /* en */ = {isa = PBXFileReference; lastKnownFileType = text.plist.strings; name = en; path = en.lproj/InfoPlist.strings; sourceTree = "<group>"; };
		D395CF9E15B1427400FDF0E6 /* PassphraseTests.h */ = {isa = PBXFileReference; lastKnownFileType = sourcecode.c.h; path = PassphraseTests.h; sourceTree = "<group>"; };
		D395CF9F15B1427400FDF0E6 /* PassphraseTests.m */ = {isa = PBXFileReference; lastKnownFileType = sourcecode.c.objc; path = PassphraseTests.m; sourceTree = "<group>"; };
		D395CFA915B146D100FDF0E6 /* diceware8k.c */ = {isa = PBXFileReference; fileEncoding = 4; indentWidth = 2; lastKnownFileType = sourcecode.c.c; path = diceware8k.c; sourceTree = "<group>"; tabWidth = 2; };
		D395CFAF15B147C200FDF0E6 /* NSData+EncryptionHelpers.h */ = {isa = PBXFileReference; fileEncoding = 4; lastKnownFileType = sourcecode.c.h; path = "NSData+EncryptionHelpers.h"; sourceTree = "<group>"; };
		D395CFB015B147C200FDF0E6 /* NSData+EncryptionHelpers.m */ = {isa = PBXFileReference; fileEncoding = 4; lastKnownFileType = sourcecode.c.objc; path = "NSData+EncryptionHelpers.m"; sourceTree = "<group>"; };
		D395CFB115B147C200FDF0E6 /* Rfc2898DeriveBytes.h */ = {isa = PBXFileReference; fileEncoding = 4; lastKnownFileType = sourcecode.c.h; path = Rfc2898DeriveBytes.h; sourceTree = "<group>"; };
		D395CFB215B147C200FDF0E6 /* Rfc2898DeriveBytes.m */ = {isa = PBXFileReference; fileEncoding = 4; lastKnownFileType = sourcecode.c.objc; path = Rfc2898DeriveBytes.m; sourceTree = "<group>"; };
		D395CFB715B148BA00FDF0E6 /* Security.framework */ = {isa = PBXFileReference; lastKnownFileType = wrapper.framework; name = Security.framework; path = System/Library/Frameworks/Security.framework; sourceTree = SDKROOT; };
		D395CFBE15B1D74400FDF0E6 /* GenerateButton.png */ = {isa = PBXFileReference; lastKnownFileType = image.png; path = GenerateButton.png; sourceTree = "<group>"; };
		D395CFBF15B1D74400FDF0E6 /* GenerateButton@2x.png */ = {isa = PBXFileReference; lastKnownFileType = image.png; path = "GenerateButton@2x.png"; sourceTree = "<group>"; };
		D395CFC615B1DAFE00FDF0E6 /* SavedPhrases.xcdatamodel */ = {isa = PBXFileReference; lastKnownFileType = wrapper.xcdatamodel; path = SavedPhrases.xcdatamodel; sourceTree = "<group>"; };
		D395CFC915B1F49E00FDF0E6 /* DoneButton.png */ = {isa = PBXFileReference; lastKnownFileType = image.png; path = DoneButton.png; sourceTree = "<group>"; };
		D395CFCA15B1F49E00FDF0E6 /* DoneButton@2x.png */ = {isa = PBXFileReference; lastKnownFileType = image.png; path = "DoneButton@2x.png"; sourceTree = "<group>"; };
		D395CFCF15B1F5DD00FDF0E6 /* BlackBackground.png */ = {isa = PBXFileReference; lastKnownFileType = image.png; path = BlackBackground.png; sourceTree = "<group>"; };
		D395CFD015B1F5DD00FDF0E6 /* BlackBackground@2x.png */ = {isa = PBXFileReference; lastKnownFileType = image.png; path = "BlackBackground@2x.png"; sourceTree = "<group>"; };
		D395CFD515B1FB5B00FDF0E6 /* PPResource.h */ = {isa = PBXFileReference; fileEncoding = 4; lastKnownFileType = sourcecode.c.h; path = PPResource.h; sourceTree = "<group>"; };
		D395CFD615B1FB5B00FDF0E6 /* PPResource.m */ = {isa = PBXFileReference; fileEncoding = 4; lastKnownFileType = sourcecode.c.objc; path = PPResource.m; sourceTree = "<group>"; };
		D395CFDD15B1FB5C00FDF0E6 /* PPPassphrase.h */ = {isa = PBXFileReference; fileEncoding = 4; lastKnownFileType = sourcecode.c.h; path = PPPassphrase.h; sourceTree = "<group>"; };
		D395CFDE15B1FB5C00FDF0E6 /* PPPassphrase.m */ = {isa = PBXFileReference; fileEncoding = 4; lastKnownFileType = sourcecode.c.objc; path = PPPassphrase.m; sourceTree = "<group>"; };
		D395CFE115B30FD300FDF0E6 /* PPSavedPassphraseContext.h */ = {isa = PBXFileReference; fileEncoding = 4; lastKnownFileType = sourcecode.c.h; name = PPSavedPassphraseContext.h; path = ../PPSavedPassphraseContext.h; sourceTree = "<group>"; };
		D395CFE215B30FD300FDF0E6 /* PPSavedPassphraseContext.m */ = {isa = PBXFileReference; fileEncoding = 4; lastKnownFileType = sourcecode.c.objc; name = PPSavedPassphraseContext.m; path = ../PPSavedPassphraseContext.m; sourceTree = "<group>"; };
		D395CFE515B310CF00FDF0E6 /* CoreData.framework */ = {isa = PBXFileReference; lastKnownFileType = wrapper.framework; name = CoreData.framework; path = System/Library/Frameworks/CoreData.framework; sourceTree = SDKROOT; };
		D395CFE815B315EA00FDF0E6 /* PPEncryptionMetadata.h */ = {isa = PBXFileReference; fileEncoding = 4; lastKnownFileType = sourcecode.c.h; path = PPEncryptionMetadata.h; sourceTree = "<group>"; };
		D395CFE915B315EA00FDF0E6 /* PPEncryptionMetadata.m */ = {isa = PBXFileReference; fileEncoding = 4; lastKnownFileType = sourcecode.c.objc; path = PPEncryptionMetadata.m; sourceTree = "<group>"; };
		D395CFEC15B319CF00FDF0E6 /* PPEncryptionMetadata+Passphrase.h */ = {isa = PBXFileReference; fileEncoding = 4; lastKnownFileType = sourcecode.c.h; path = "PPEncryptionMetadata+Passphrase.h"; sourceTree = "<group>"; };
		D395CFED15B319CF00FDF0E6 /* PPEncryptionMetadata+Passphrase.m */ = {isa = PBXFileReference; fileEncoding = 4; lastKnownFileType = sourcecode.c.objc; path = "PPEncryptionMetadata+Passphrase.m"; sourceTree = "<group>"; };
		D395CFF015B3215B00FDF0E6 /* NSString+FileSystemHelper.h */ = {isa = PBXFileReference; fileEncoding = 4; lastKnownFileType = sourcecode.c.h; name = "NSString+FileSystemHelper.h"; path = "../../DropVault/Classes/NSString+FileSystemHelper.h"; sourceTree = "<group>"; };
		D395CFF115B3215B00FDF0E6 /* NSString+FileSystemHelper.m */ = {isa = PBXFileReference; fileEncoding = 4; lastKnownFileType = sourcecode.c.objc; name = "NSString+FileSystemHelper.m"; path = "../../DropVault/Classes/NSString+FileSystemHelper.m"; sourceTree = "<group>"; };
		D395CFF415B3288E00FDF0E6 /* PPResourcesViewController.h */ = {isa = PBXFileReference; fileEncoding = 4; lastKnownFileType = sourcecode.c.h; path = PPResourcesViewController.h; sourceTree = "<group>"; };
		D395CFF515B3288E00FDF0E6 /* PPResourcesViewController.m */ = {isa = PBXFileReference; fileEncoding = 4; lastKnownFileType = sourcecode.c.objc; path = PPResourcesViewController.m; sourceTree = "<group>"; };
		D395CFF815B3DC7900FDF0E6 /* Icon@2x.png */ = {isa = PBXFileReference; lastKnownFileType = image.png; path = "Icon@2x.png"; sourceTree = "<group>"; };
		D395CFFA15B3DC7E00FDF0E6 /* Icon.png */ = {isa = PBXFileReference; lastKnownFileType = image.png; path = Icon.png; sourceTree = "<group>"; };
/* End PBXFileReference section */

/* Begin PBXFrameworksBuildPhase section */
		D395CF5F15B1427400FDF0E6 /* Frameworks */ = {
			isa = PBXFrameworksBuildPhase;
			buildActionMask = 2147483647;
			files = (
				D395CFE615B310CF00FDF0E6 /* CoreData.framework in Frameworks */,
				D395CFB815B148BA00FDF0E6 /* Security.framework in Frameworks */,
				D395CF6715B1427400FDF0E6 /* UIKit.framework in Frameworks */,
				D395CF6915B1427400FDF0E6 /* Foundation.framework in Frameworks */,
				D395CF6B15B1427400FDF0E6 /* CoreGraphics.framework in Frameworks */,
			);
			runOnlyForDeploymentPostprocessing = 0;
		};
		D395CF8D15B1427400FDF0E6 /* Frameworks */ = {
			isa = PBXFrameworksBuildPhase;
			buildActionMask = 2147483647;
			files = (
				D395CF9315B1427400FDF0E6 /* SenTestingKit.framework in Frameworks */,
				D395CF9415B1427400FDF0E6 /* UIKit.framework in Frameworks */,
				D395CF9515B1427400FDF0E6 /* Foundation.framework in Frameworks */,
				D395CFB915B148E600FDF0E6 /* Security.framework in Frameworks */,
				D395CFE715B3113200FDF0E6 /* CoreData.framework in Frameworks */,
			);
			runOnlyForDeploymentPostprocessing = 0;
		};
/* End PBXFrameworksBuildPhase section */

/* Begin PBXGroup section */
		D395CF5715B1427400FDF0E6 = {
			isa = PBXGroup;
			children = (
				D395CFFA15B3DC7E00FDF0E6 /* Icon.png */,
				D395CFF815B3DC7900FDF0E6 /* Icon@2x.png */,
				D395CF6C15B1427400FDF0E6 /* Passphrase */,
				D395CF9815B1427400FDF0E6 /* PassphraseTests */,
				D395CF6515B1427400FDF0E6 /* Frameworks */,
				D395CF6315B1427400FDF0E6 /* Products */,
			);
			indentWidth = 2;
			sourceTree = "<group>";
			tabWidth = 2;
		};
		D395CF6315B1427400FDF0E6 /* Products */ = {
			isa = PBXGroup;
			children = (
				D395CF6215B1427400FDF0E6 /* Passphrase.app */,
				D395CF9115B1427400FDF0E6 /* PassphraseTests.octest */,
			);
			name = Products;
			sourceTree = "<group>";
		};
		D395CF6515B1427400FDF0E6 /* Frameworks */ = {
			isa = PBXGroup;
			children = (
				D395CFE515B310CF00FDF0E6 /* CoreData.framework */,
				D395CFB715B148BA00FDF0E6 /* Security.framework */,
				D395CF6615B1427400FDF0E6 /* UIKit.framework */,
				D395CF6815B1427400FDF0E6 /* Foundation.framework */,
				D395CF6A15B1427400FDF0E6 /* CoreGraphics.framework */,
				D395CF9215B1427400FDF0E6 /* SenTestingKit.framework */,
			);
			name = Frameworks;
			sourceTree = "<group>";
		};
		D395CF6C15B1427400FDF0E6 /* Passphrase */ = {
			isa = PBXGroup;
			children = (
				D395CFF015B3215B00FDF0E6 /* NSString+FileSystemHelper.h */,
				D395CFF115B3215B00FDF0E6 /* NSString+FileSystemHelper.m */,
				D395CFCF15B1F5DD00FDF0E6 /* BlackBackground.png */,
				D395CFD015B1F5DD00FDF0E6 /* BlackBackground@2x.png */,
				D395CFC915B1F49E00FDF0E6 /* DoneButton.png */,
				D395CFCA15B1F49E00FDF0E6 /* DoneButton@2x.png */,
				D395CFBE15B1D74400FDF0E6 /* GenerateButton.png */,
				D395CFBF15B1D74400FDF0E6 /* GenerateButton@2x.png */,
				D395CFAF15B147C200FDF0E6 /* NSData+EncryptionHelpers.h */,
				D395CFB015B147C200FDF0E6 /* NSData+EncryptionHelpers.m */,
				D395CFB115B147C200FDF0E6 /* Rfc2898DeriveBytes.h */,
				D395CFB215B147C200FDF0E6 /* Rfc2898DeriveBytes.m */,
				D395CF7515B1427400FDF0E6 /* PPAppDelegate.h */,
				D395CF7615B1427400FDF0E6 /* PPAppDelegate.m */,
				D395CF7815B1427400FDF0E6 /* MainStoryboard_iPhone.storyboard */,
				D395CF7B15B1427400FDF0E6 /* MainStoryboard_iPad.storyboard */,
				D395CF7E15B1427400FDF0E6 /* PPPassphraseGenerator.h */,
				D395CF7F15B1427400FDF0E6 /* PPPassphraseGenerator.m */,
				D395CF8115B1427400FDF0E6 /* first.png */,
				D395CF8315B1427400FDF0E6 /* first@2x.png */,
				D395CF8515B1427400FDF0E6 /* PPMasterPassphraseController.h */,
				D395CF8615B1427400FDF0E6 /* PPMasterPassphraseController.m */,
				D395CF8815B1427400FDF0E6 /* second.png */,
				D395CF8A15B1427400FDF0E6 /* second@2x.png */,
				D395CF6D15B1427400FDF0E6 /* Supporting Files */,
				D395CFA915B146D100FDF0E6 /* diceware8k.c */,
				D395CFC515B1DAFE00FDF0E6 /* SavedPhrases.xcdatamodeld */,
				D395CFE815B315EA00FDF0E6 /* PPEncryptionMetadata.h */,
				D395CFE915B315EA00FDF0E6 /* PPEncryptionMetadata.m */,
				D395CFDD15B1FB5C00FDF0E6 /* PPPassphrase.h */,
				D395CFDE15B1FB5C00FDF0E6 /* PPPassphrase.m */,
				D395CFD515B1FB5B00FDF0E6 /* PPResource.h */,
				D395CFD615B1FB5B00FDF0E6 /* PPResource.m */,
				D395CFE115B30FD300FDF0E6 /* PPSavedPassphraseContext.h */,
				D395CFE215B30FD300FDF0E6 /* PPSavedPassphraseContext.m */,
				D395CFEC15B319CF00FDF0E6 /* PPEncryptionMetadata+Passphrase.h */,
				D395CFED15B319CF00FDF0E6 /* PPEncryptionMetadata+Passphrase.m */,
				D395CFF415B3288E00FDF0E6 /* PPResourcesViewController.h */,
				D395CFF515B3288E00FDF0E6 /* PPResourcesViewController.m */,
			);
			path = Passphrase;
			sourceTree = "<group>";
		};
		D395CF6D15B1427400FDF0E6 /* Supporting Files */ = {
			isa = PBXGroup;
			children = (
				D395CF6E15B1427400FDF0E6 /* Passphrase-Info.plist */,
				D395CF6F15B1427400FDF0E6 /* InfoPlist.strings */,
				D395CF7215B1427400FDF0E6 /* main.m */,
				D395CF7415B1427400FDF0E6 /* Passphrase-Prefix.pch */,
			);
			name = "Supporting Files";
			sourceTree = "<group>";
		};
		D395CF9815B1427400FDF0E6 /* PassphraseTests */ = {
			isa = PBXGroup;
			children = (
				D395CF9E15B1427400FDF0E6 /* PassphraseTests.h */,
				D395CF9F15B1427400FDF0E6 /* PassphraseTests.m */,
				D395CF9915B1427400FDF0E6 /* Supporting Files */,
			);
			path = PassphraseTests;
			sourceTree = "<group>";
		};
		D395CF9915B1427400FDF0E6 /* Supporting Files */ = {
			isa = PBXGroup;
			children = (
				D395CF9A15B1427400FDF0E6 /* PassphraseTests-Info.plist */,
				D395CF9B15B1427400FDF0E6 /* InfoPlist.strings */,
			);
			name = "Supporting Files";
			sourceTree = "<group>";
		};
/* End PBXGroup section */

/* Begin PBXNativeTarget section */
		D395CF6115B1427400FDF0E6 /* Passphrase */ = {
			isa = PBXNativeTarget;
			buildConfigurationList = D395CFA315B1427400FDF0E6 /* Build configuration list for PBXNativeTarget "Passphrase" */;
			buildPhases = (
				D395CF5E15B1427400FDF0E6 /* Sources */,
				D395CF5F15B1427400FDF0E6 /* Frameworks */,
				D395CF6015B1427400FDF0E6 /* Resources */,
			);
			buildRules = (
			);
			dependencies = (
			);
			name = Passphrase;
			productName = Passphrase;
			productReference = D395CF6215B1427400FDF0E6 /* Passphrase.app */;
			productType = "com.apple.product-type.application";
		};
		D395CF9015B1427400FDF0E6 /* PassphraseTests */ = {
			isa = PBXNativeTarget;
			buildConfigurationList = D395CFA615B1427400FDF0E6 /* Build configuration list for PBXNativeTarget "PassphraseTests" */;
			buildPhases = (
				D395CF8C15B1427400FDF0E6 /* Sources */,
				D395CF8D15B1427400FDF0E6 /* Frameworks */,
				D395CF8E15B1427400FDF0E6 /* Resources */,
				D395CF8F15B1427400FDF0E6 /* ShellScript */,
			);
			buildRules = (
			);
			dependencies = (
				D395CF9715B1427400FDF0E6 /* PBXTargetDependency */,
			);
			name = PassphraseTests;
			productName = PassphraseTests;
			productReference = D395CF9115B1427400FDF0E6 /* PassphraseTests.octest */;
			productType = "com.apple.product-type.bundle";
		};
/* End PBXNativeTarget section */

/* Begin PBXProject section */
		D395CF5915B1427400FDF0E6 /* Project object */ = {
			isa = PBXProject;
			attributes = {
				CLASSPREFIX = PP;
				LastUpgradeCheck = 0430;
				ORGANIZATIONNAME = "Brian's Brain";
			};
			buildConfigurationList = D395CF5C15B1427400FDF0E6 /* Build configuration list for PBXProject "Passphrase" */;
			compatibilityVersion = "Xcode 3.2";
			developmentRegion = English;
			hasScannedForEncodings = 0;
			knownRegions = (
				en,
			);
			mainGroup = D395CF5715B1427400FDF0E6;
			productRefGroup = D395CF6315B1427400FDF0E6 /* Products */;
			projectDirPath = "";
			projectRoot = "";
			targets = (
				D395CF6115B1427400FDF0E6 /* Passphrase */,
				D395CF9015B1427400FDF0E6 /* PassphraseTests */,
			);
		};
/* End PBXProject section */

/* Begin PBXResourcesBuildPhase section */
		D395CF6015B1427400FDF0E6 /* Resources */ = {
			isa = PBXResourcesBuildPhase;
			buildActionMask = 2147483647;
			files = (
				D395CF7115B1427400FDF0E6 /* InfoPlist.strings in Resources */,
				D395CF7A15B1427400FDF0E6 /* MainStoryboard_iPhone.storyboard in Resources */,
				D395CF7D15B1427400FDF0E6 /* MainStoryboard_iPad.storyboard in Resources */,
				D395CF8215B1427400FDF0E6 /* first.png in Resources */,
				D395CF8415B1427400FDF0E6 /* first@2x.png in Resources */,
				D395CF8915B1427400FDF0E6 /* second.png in Resources */,
				D395CF8B15B1427400FDF0E6 /* second@2x.png in Resources */,
				D395CFC015B1D74400FDF0E6 /* GenerateButton.png in Resources */,
				D395CFC215B1D74400FDF0E6 /* GenerateButton@2x.png in Resources */,
				D395CFCB15B1F49E00FDF0E6 /* DoneButton.png in Resources */,
				D395CFCD15B1F49E00FDF0E6 /* DoneButton@2x.png in Resources */,
				D395CFD115B1F5DD00FDF0E6 /* BlackBackground.png in Resources */,
				D395CFD315B1F5DD00FDF0E6 /* BlackBackground@2x.png in Resources */,
				D395CFF915B3DC7900FDF0E6 /* Icon@2x.png in Resources */,
				D395CFFB15B3DC7E00FDF0E6 /* Icon.png in Resources */,
			);
			runOnlyForDeploymentPostprocessing = 0;
		};
		D395CF8E15B1427400FDF0E6 /* Resources */ = {
			isa = PBXResourcesBuildPhase;
			buildActionMask = 2147483647;
			files = (
				D395CF9D15B1427400FDF0E6 /* InfoPlist.strings in Resources */,
				D395CFC115B1D74400FDF0E6 /* GenerateButton.png in Resources */,
				D395CFC315B1D74400FDF0E6 /* GenerateButton@2x.png in Resources */,
				D395CFCC15B1F49E00FDF0E6 /* DoneButton.png in Resources */,
				D395CFCE15B1F49E00FDF0E6 /* DoneButton@2x.png in Resources */,
				D395CFD215B1F5DD00FDF0E6 /* BlackBackground.png in Resources */,
				D395CFD415B1F5DD00FDF0E6 /* BlackBackground@2x.png in Resources */,
			);
			runOnlyForDeploymentPostprocessing = 0;
		};
/* End PBXResourcesBuildPhase section */

/* Begin PBXShellScriptBuildPhase section */
		D395CF8F15B1427400FDF0E6 /* ShellScript */ = {
			isa = PBXShellScriptBuildPhase;
			buildActionMask = 2147483647;
			files = (
			);
			inputPaths = (
			);
			outputPaths = (
			);
			runOnlyForDeploymentPostprocessing = 0;
			shellPath = /bin/sh;
			shellScript = "# Run the unit tests in this test bundle.\n\"${SYSTEM_DEVELOPER_DIR}/Tools/RunUnitTests\"\n";
		};
/* End PBXShellScriptBuildPhase section */

/* Begin PBXSourcesBuildPhase section */
		D395CF5E15B1427400FDF0E6 /* Sources */ = {
			isa = PBXSourcesBuildPhase;
			buildActionMask = 2147483647;
			files = (
				D395CF7315B1427400FDF0E6 /* main.m in Sources */,
				D395CF7715B1427400FDF0E6 /* PPAppDelegate.m in Sources */,
				D395CF8015B1427400FDF0E6 /* PPPassphraseGenerator.m in Sources */,
				D395CF8715B1427400FDF0E6 /* PPMasterPassphraseController.m in Sources */,
				D395CFAA15B146D100FDF0E6 /* diceware8k.c in Sources */,
				D395CFB315B147C200FDF0E6 /* NSData+EncryptionHelpers.m in Sources */,
				D395CFB515B147C200FDF0E6 /* Rfc2898DeriveBytes.m in Sources */,
				D395CFC715B1DAFE00FDF0E6 /* SavedPhrases.xcdatamodeld in Sources */,
				D395CFD715B1FB5B00FDF0E6 /* PPResource.m in Sources */,
				D395CFDF15B1FB5C00FDF0E6 /* PPPassphrase.m in Sources */,
				D395CFE315B30FD300FDF0E6 /* PPSavedPassphraseContext.m in Sources */,
				D395CFEA15B315EA00FDF0E6 /* PPEncryptionMetadata.m in Sources */,
				D395CFEE15B319CF00FDF0E6 /* PPEncryptionMetadata+Passphrase.m in Sources */,
				D395CFF215B3215B00FDF0E6 /* NSString+FileSystemHelper.m in Sources */,
				D395CFF615B3288E00FDF0E6 /* PPResourcesViewController.m in Sources */,
			);
			runOnlyForDeploymentPostprocessing = 0;
		};
		D395CF8C15B1427400FDF0E6 /* Sources */ = {
			isa = PBXSourcesBuildPhase;
			buildActionMask = 2147483647;
			files = (
				D395CFA015B1427400FDF0E6 /* PassphraseTests.m in Sources */,
				D395CFAB15B146D100FDF0E6 /* diceware8k.c in Sources */,
				D395CFB415B147C200FDF0E6 /* NSData+EncryptionHelpers.m in Sources */,
				D395CFB615B147C200FDF0E6 /* Rfc2898DeriveBytes.m in Sources */,
				D395CFC815B1DAFE00FDF0E6 /* SavedPhrases.xcdatamodeld in Sources */,
				D395CFD815B1FB5B00FDF0E6 /* PPResource.m in Sources */,
				D395CFE015B1FB5C00FDF0E6 /* PPPassphrase.m in Sources */,
				D395CFE415B30FD300FDF0E6 /* PPSavedPassphraseContext.m in Sources */,
				D395CFEB15B315EA00FDF0E6 /* PPEncryptionMetadata.m in Sources */,
				D395CFEF15B319CF00FDF0E6 /* PPEncryptionMetadata+Passphrase.m in Sources */,
				D395CFF315B3215B00FDF0E6 /* NSString+FileSystemHelper.m in Sources */,
				D395CFF715B3288E00FDF0E6 /* PPResourcesViewController.m in Sources */,
			);
			runOnlyForDeploymentPostprocessing = 0;
		};
/* End PBXSourcesBuildPhase section */

/* Begin PBXTargetDependency section */
		D395CF9715B1427400FDF0E6 /* PBXTargetDependency */ = {
			isa = PBXTargetDependency;
			target = D395CF6115B1427400FDF0E6 /* Passphrase */;
			targetProxy = D395CF9615B1427400FDF0E6 /* PBXContainerItemProxy */;
		};
/* End PBXTargetDependency section */

/* Begin PBXVariantGroup section */
		D395CF6F15B1427400FDF0E6 /* InfoPlist.strings */ = {
			isa = PBXVariantGroup;
			children = (
				D395CF7015B1427400FDF0E6 /* en */,
			);
			name = InfoPlist.strings;
			sourceTree = "<group>";
		};
		D395CF7815B1427400FDF0E6 /* MainStoryboard_iPhone.storyboard */ = {
			isa = PBXVariantGroup;
			children = (
				D395CF7915B1427400FDF0E6 /* en */,
			);
			name = MainStoryboard_iPhone.storyboard;
			sourceTree = "<group>";
		};
		D395CF7B15B1427400FDF0E6 /* MainStoryboard_iPad.storyboard */ = {
			isa = PBXVariantGroup;
			children = (
				D395CF7C15B1427400FDF0E6 /* en */,
			);
			name = MainStoryboard_iPad.storyboard;
			sourceTree = "<group>";
		};
		D395CF9B15B1427400FDF0E6 /* InfoPlist.strings */ = {
			isa = PBXVariantGroup;
			children = (
				D395CF9C15B1427400FDF0E6 /* en */,
			);
			name = InfoPlist.strings;
			sourceTree = "<group>";
		};
/* End PBXVariantGroup section */

/* Begin XCBuildConfiguration section */
		D395CFA115B1427400FDF0E6 /* Debug */ = {
			isa = XCBuildConfiguration;
			buildSettings = {
				ALWAYS_SEARCH_USER_PATHS = NO;
				ARCHS = "$(ARCHS_STANDARD_32_BIT)";
				CLANG_ENABLE_OBJC_ARC = YES;
				"CODE_SIGN_IDENTITY[sdk=iphoneos*]" = "iPhone Developer";
				COPY_PHASE_STRIP = NO;
				GCC_C_LANGUAGE_STANDARD = gnu99;
				GCC_DYNAMIC_NO_PIC = NO;
				GCC_OPTIMIZATION_LEVEL = 0;
				GCC_PREPROCESSOR_DEFINITIONS = (
					"DEBUG=1",
					"$(inherited)",
				);
				GCC_SYMBOLS_PRIVATE_EXTERN = NO;
				GCC_VERSION = com.apple.compilers.llvm.clang.1_0;
				GCC_WARN_ABOUT_RETURN_TYPE = YES;
				GCC_WARN_UNINITIALIZED_AUTOS = YES;
				GCC_WARN_UNUSED_VARIABLE = YES;
				IPHONEOS_DEPLOYMENT_TARGET = 5.1;
				SDKROOT = iphoneos;
				TARGETED_DEVICE_FAMILY = "1,2";
			};
			name = Debug;
		};
		D395CFA215B1427400FDF0E6 /* Release */ = {
			isa = XCBuildConfiguration;
			buildSettings = {
				ALWAYS_SEARCH_USER_PATHS = NO;
				ARCHS = "$(ARCHS_STANDARD_32_BIT)";
				CLANG_ENABLE_OBJC_ARC = YES;
				"CODE_SIGN_IDENTITY[sdk=iphoneos*]" = "iPhone Developer";
				COPY_PHASE_STRIP = YES;
				GCC_C_LANGUAGE_STANDARD = gnu99;
				GCC_VERSION = com.apple.compilers.llvm.clang.1_0;
				GCC_WARN_ABOUT_RETURN_TYPE = YES;
				GCC_WARN_UNINITIALIZED_AUTOS = YES;
				GCC_WARN_UNUSED_VARIABLE = YES;
				IPHONEOS_DEPLOYMENT_TARGET = 5.1;
				OTHER_CFLAGS = "-DNS_BLOCK_ASSERTIONS=1";
				SDKROOT = iphoneos;
				TARGETED_DEVICE_FAMILY = "1,2";
				VALIDATE_PRODUCT = YES;
			};
			name = Release;
		};
		D395CFA415B1427400FDF0E6 /* Debug */ = {
			isa = XCBuildConfiguration;
			buildSettings = {
				GCC_PRECOMPILE_PREFIX_HEADER = YES;
				GCC_PREFIX_HEADER = "Passphrase/Passphrase-Prefix.pch";
				INFOPLIST_FILE = "Passphrase/Passphrase-Info.plist";
				PRODUCT_NAME = "$(TARGET_NAME)";
				WRAPPER_EXTENSION = app;
			};
			name = Debug;
		};
		D395CFA515B1427400FDF0E6 /* Release */ = {
			isa = XCBuildConfiguration;
			buildSettings = {
				GCC_PRECOMPILE_PREFIX_HEADER = YES;
				GCC_PREFIX_HEADER = "Passphrase/Passphrase-Prefix.pch";
				INFOPLIST_FILE = "Passphrase/Passphrase-Info.plist";
				PRODUCT_NAME = "$(TARGET_NAME)";
				WRAPPER_EXTENSION = app;
			};
			name = Release;
		};
		D395CFA715B1427400FDF0E6 /* Debug */ = {
			isa = XCBuildConfiguration;
			buildSettings = {
				BUNDLE_LOADER = "$(BUILT_PRODUCTS_DIR)/Passphrase.app/Passphrase";
				FRAMEWORK_SEARCH_PATHS = (
					"$(SDKROOT)/Developer/Library/Frameworks",
					"$(DEVELOPER_LIBRARY_DIR)/Frameworks",
				);
				GCC_PRECOMPILE_PREFIX_HEADER = YES;
				GCC_PREFIX_HEADER = "Passphrase/Passphrase-Prefix.pch";
				INFOPLIST_FILE = "PassphraseTests/PassphraseTests-Info.plist";
				PRODUCT_NAME = "$(TARGET_NAME)";
				TEST_HOST = "$(BUNDLE_LOADER)";
				WRAPPER_EXTENSION = octest;
			};
			name = Debug;
		};
		D395CFA815B1427400FDF0E6 /* Release */ = {
			isa = XCBuildConfiguration;
			buildSettings = {
				BUNDLE_LOADER = "$(BUILT_PRODUCTS_DIR)/Passphrase.app/Passphrase";
				FRAMEWORK_SEARCH_PATHS = (
					"$(SDKROOT)/Developer/Library/Frameworks",
					"$(DEVELOPER_LIBRARY_DIR)/Frameworks",
				);
				GCC_PRECOMPILE_PREFIX_HEADER = YES;
				GCC_PREFIX_HEADER = "Passphrase/Passphrase-Prefix.pch";
				INFOPLIST_FILE = "PassphraseTests/PassphraseTests-Info.plist";
				PRODUCT_NAME = "$(TARGET_NAME)";
				TEST_HOST = "$(BUNDLE_LOADER)";
				WRAPPER_EXTENSION = octest;
			};
			name = Release;
		};
/* End XCBuildConfiguration section */

/* Begin XCConfigurationList section */
		D395CF5C15B1427400FDF0E6 /* Build configuration list for PBXProject "Passphrase" */ = {
			isa = XCConfigurationList;
			buildConfigurations = (
				D395CFA115B1427400FDF0E6 /* Debug */,
				D395CFA215B1427400FDF0E6 /* Release */,
			);
			defaultConfigurationIsVisible = 0;
			defaultConfigurationName = Release;
		};
		D395CFA315B1427400FDF0E6 /* Build configuration list for PBXNativeTarget "Passphrase" */ = {
			isa = XCConfigurationList;
			buildConfigurations = (
				D395CFA415B1427400FDF0E6 /* Debug */,
				D395CFA515B1427400FDF0E6 /* Release */,
			);
			defaultConfigurationIsVisible = 0;
			defaultConfigurationName = Release;
		};
		D395CFA615B1427400FDF0E6 /* Build configuration list for PBXNativeTarget "PassphraseTests" */ = {
			isa = XCConfigurationList;
			buildConfigurations = (
				D395CFA715B1427400FDF0E6 /* Debug */,
				D395CFA815B1427400FDF0E6 /* Release */,
			);
			defaultConfigurationIsVisible = 0;
			defaultConfigurationName = Release;
		};
/* End XCConfigurationList section */

/* Begin XCVersionGroup section */
		D395CFC515B1DAFE00FDF0E6 /* SavedPhrases.xcdatamodeld */ = {
			isa = XCVersionGroup;
			children = (
				D395CFC615B1DAFE00FDF0E6 /* SavedPhrases.xcdatamodel */,
			);
			currentVersion = D395CFC615B1DAFE00FDF0E6 /* SavedPhrases.xcdatamodel */;
			path = SavedPhrases.xcdatamodeld;
			sourceTree = "<group>";
			versionGroupType = wrapper.xcdatamodel;
		};
/* End XCVersionGroup section */
	};
	rootObject = D395CF5915B1427400FDF0E6 /* Project object */;
}
